// !$*UTF8*$!
{
	archiveVersion = 1;
	classes = {
	};
	objectVersion = 60;
	objects = {

/* Begin PBXBuildFile section */
		6637A9772B64165600EE3A29 /* DetailViewController.swift in Sources */ = {isa = PBXBuildFile; fileRef = 6637A9762B64165600EE3A29 /* DetailViewController.swift */; };
		6643202A2B66807C00061801 /* LaunchScreen.storyboard in Resources */ = {isa = PBXBuildFile; fileRef = 664320292B66807C00061801 /* LaunchScreen.storyboard */; };
		666F02232B5D4BE800B57B18 /* AppDelegate.swift in Sources */ = {isa = PBXBuildFile; fileRef = 666F02222B5D4BE800B57B18 /* AppDelegate.swift */; };
		666F02252B5D4BE800B57B18 /* SceneDelegate.swift in Sources */ = {isa = PBXBuildFile; fileRef = 666F02242B5D4BE800B57B18 /* SceneDelegate.swift */; };
		666F02272B5D4BE800B57B18 /* ListViewController.swift in Sources */ = {isa = PBXBuildFile; fileRef = 666F02262B5D4BE800B57B18 /* ListViewController.swift */; };
		666F022C2B5D4BEA00B57B18 /* Assets.xcassets in Resources */ = {isa = PBXBuildFile; fileRef = 666F022B2B5D4BEA00B57B18 /* Assets.xcassets */; };
		666F023C2B5D508C00B57B18 /* ListTableView.swift in Sources */ = {isa = PBXBuildFile; fileRef = 666F023B2B5D508C00B57B18 /* ListTableView.swift */; };
		666F023E2B5D52E700B57B18 /* ListCell.swift in Sources */ = {isa = PBXBuildFile; fileRef = 666F023D2B5D52E700B57B18 /* ListCell.swift */; };
		667AAEE02B616AA6005C2953 /* GraphQlCoordinator + API.swift in Sources */ = {isa = PBXBuildFile; fileRef = 667AAEDF2B616AA6005C2953 /* GraphQlCoordinator + API.swift */; };
		667AAEE22B616B6F005C2953 /* constants.swift in Sources */ = {isa = PBXBuildFile; fileRef = 667AAEE12B616B6F005C2953 /* constants.swift */; };
		667AAEE32B616DB2005C2953 /* Requests.graphql in Resources */ = {isa = PBXBuildFile; fileRef = 668C349F2B5FC91D002757FE /* Requests.graphql */; };
		668C34952B5FBF80002757FE /* GraphQlCoordinator.swift in Sources */ = {isa = PBXBuildFile; fileRef = 668C34942B5FBF80002757FE /* GraphQlCoordinator.swift */; };
		668C34982B5FC082002757FE /* Apollo in Frameworks */ = {isa = PBXBuildFile; productRef = 668C34972B5FC082002757FE /* Apollo */; };
		669424BF2B618DF90019FCA1 /* PomochAPI in Frameworks */ = {isa = PBXBuildFile; productRef = 669424BE2B618DF90019FCA1 /* PomochAPI */; };
		66F739982B628E6000FADC20 /* PersonModel.swift in Sources */ = {isa = PBXBuildFile; fileRef = 66F739972B628E6000FADC20 /* PersonModel.swift */; };
		66F7399B2B62910700FADC20 /* PomochAPI in Frameworks */ = {isa = PBXBuildFile; productRef = 66F7399A2B62910700FADC20 /* PomochAPI */; };
		66F7399D2B62998500FADC20 /* DateFormatter.swift in Sources */ = {isa = PBXBuildFile; fileRef = 66F7399C2B62998500FADC20 /* DateFormatter.swift */; };
		66F7399F2B62B5CB00FADC20 /* GraphQLHelper.swift in Sources */ = {isa = PBXBuildFile; fileRef = 66F7399E2B62B5CB00FADC20 /* GraphQLHelper.swift */; };
		66F739A22B62B88200FADC20 /* Kingfisher in Frameworks */ = {isa = PBXBuildFile; productRef = 66F739A12B62B88200FADC20 /* Kingfisher */; };
/* End PBXBuildFile section */

/* Begin PBXFileReference section */
		6637A9762B64165600EE3A29 /* DetailViewController.swift */ = {isa = PBXFileReference; lastKnownFileType = sourcecode.swift; path = DetailViewController.swift; sourceTree = "<group>"; };
		664320292B66807C00061801 /* LaunchScreen.storyboard */ = {isa = PBXFileReference; fileEncoding = 4; lastKnownFileType = file.storyboard; path = LaunchScreen.storyboard; sourceTree = "<group>"; };
		666F021F2B5D4BE800B57B18 /* PomoschTest.app */ = {isa = PBXFileReference; explicitFileType = wrapper.application; includeInIndex = 0; path = PomoschTest.app; sourceTree = BUILT_PRODUCTS_DIR; };
		666F02222B5D4BE800B57B18 /* AppDelegate.swift */ = {isa = PBXFileReference; lastKnownFileType = sourcecode.swift; path = AppDelegate.swift; sourceTree = "<group>"; };
		666F02242B5D4BE800B57B18 /* SceneDelegate.swift */ = {isa = PBXFileReference; lastKnownFileType = sourcecode.swift; path = SceneDelegate.swift; sourceTree = "<group>"; };
		666F02262B5D4BE800B57B18 /* ListViewController.swift */ = {isa = PBXFileReference; lastKnownFileType = sourcecode.swift; path = ListViewController.swift; sourceTree = "<group>"; };
		666F022B2B5D4BEA00B57B18 /* Assets.xcassets */ = {isa = PBXFileReference; lastKnownFileType = folder.assetcatalog; path = Assets.xcassets; sourceTree = "<group>"; };
		666F02302B5D4BEA00B57B18 /* Info.plist */ = {isa = PBXFileReference; lastKnownFileType = text.plist.xml; path = Info.plist; sourceTree = "<group>"; };
		666F023B2B5D508C00B57B18 /* ListTableView.swift */ = {isa = PBXFileReference; lastKnownFileType = sourcecode.swift; path = ListTableView.swift; sourceTree = "<group>"; };
		666F023D2B5D52E700B57B18 /* ListCell.swift */ = {isa = PBXFileReference; lastKnownFileType = sourcecode.swift; path = ListCell.swift; sourceTree = "<group>"; };
		667AAEDF2B616AA6005C2953 /* GraphQlCoordinator + API.swift */ = {isa = PBXFileReference; lastKnownFileType = sourcecode.swift; path = "GraphQlCoordinator + API.swift"; sourceTree = "<group>"; };
		667AAEE12B616B6F005C2953 /* constants.swift */ = {isa = PBXFileReference; lastKnownFileType = sourcecode.swift; path = constants.swift; sourceTree = "<group>"; };
		667AAEE42B616FD1005C2953 /* schema.graphqls */ = {isa = PBXFileReference; lastKnownFileType = text; path = schema.graphqls; sourceTree = "<group>"; };
		668C34942B5FBF80002757FE /* GraphQlCoordinator.swift */ = {isa = PBXFileReference; lastKnownFileType = sourcecode.swift; path = GraphQlCoordinator.swift; sourceTree = "<group>"; };
		668C349F2B5FC91D002757FE /* Requests.graphql */ = {isa = PBXFileReference; lastKnownFileType = text; path = Requests.graphql; sourceTree = "<group>"; };
		668C34A42B5FD3CF002757FE /* apollo-codegen-config.json */ = {isa = PBXFileReference; fileEncoding = 4; lastKnownFileType = text.json; path = "apollo-codegen-config.json"; sourceTree = SOURCE_ROOT; };
		66F739972B628E6000FADC20 /* PersonModel.swift */ = {isa = PBXFileReference; lastKnownFileType = sourcecode.swift; path = PersonModel.swift; sourceTree = "<group>"; };
		66F7399C2B62998500FADC20 /* DateFormatter.swift */ = {isa = PBXFileReference; fileEncoding = 4; lastKnownFileType = sourcecode.swift; path = DateFormatter.swift; sourceTree = "<group>"; };
		66F7399E2B62B5CB00FADC20 /* GraphQLHelper.swift */ = {isa = PBXFileReference; lastKnownFileType = sourcecode.swift; path = GraphQLHelper.swift; sourceTree = "<group>"; };
/* End PBXFileReference section */

/* Begin PBXFrameworksBuildPhase section */
		666F021C2B5D4BE800B57B18 /* Frameworks */ = {
			isa = PBXFrameworksBuildPhase;
			buildActionMask = 2147483647;
			files = (
				66F739A22B62B88200FADC20 /* Kingfisher in Frameworks */,
				66F7399B2B62910700FADC20 /* PomochAPI in Frameworks */,
				668C34982B5FC082002757FE /* Apollo in Frameworks */,
				669424BF2B618DF90019FCA1 /* PomochAPI in Frameworks */,
			);
			runOnlyForDeploymentPostprocessing = 0;
		};
/* End PBXFrameworksBuildPhase section */

/* Begin PBXGroup section */
		6637A9742B63FDFF00EE3A29 /* ListView */ = {
			isa = PBXGroup;
			children = (
				666F02262B5D4BE800B57B18 /* ListViewController.swift */,
				666F023B2B5D508C00B57B18 /* ListTableView.swift */,
				666F023D2B5D52E700B57B18 /* ListCell.swift */,
			);
			path = ListView;
			sourceTree = "<group>";
		};
		6637A9752B63FE0E00EE3A29 /* DetailView */ = {
			isa = PBXGroup;
			children = (
				6637A9762B64165600EE3A29 /* DetailViewController.swift */,
			);
			path = DetailView;
			sourceTree = "<group>";
		};
		666F02162B5D4BE800B57B18 = {
			isa = PBXGroup;
			children = (
				668C34A42B5FD3CF002757FE /* apollo-codegen-config.json */,
				666F02212B5D4BE800B57B18 /* PomoschTest */,
				666F02202B5D4BE800B57B18 /* Products */,
			);
			sourceTree = "<group>";
		};
		666F02202B5D4BE800B57B18 /* Products */ = {
			isa = PBXGroup;
			children = (
				666F021F2B5D4BE800B57B18 /* PomoschTest.app */,
			);
			name = Products;
			sourceTree = "<group>";
		};
		666F02212B5D4BE800B57B18 /* PomoschTest */ = {
			isa = PBXGroup;
			children = (
				668C34932B5FBF66002757FE /* Services */,
				666F023A2B5D4DFB00B57B18 /* Models */,
				666F02392B5D4DE900B57B18 /* Resources */,
				666F02382B5D4DDC00B57B18 /* Presentation */,
				666F02372B5D4DC900B57B18 /* Helpers */,
				666F02362B5D4DB600B57B18 /* LifeCycle */,
			);
			path = PomoschTest;
			sourceTree = "<group>";
		};
		666F02362B5D4DB600B57B18 /* LifeCycle */ = {
			isa = PBXGroup;
			children = (
				666F02222B5D4BE800B57B18 /* AppDelegate.swift */,
				666F02242B5D4BE800B57B18 /* SceneDelegate.swift */,
			);
			path = LifeCycle;
			sourceTree = "<group>";
		};
		666F02372B5D4DC900B57B18 /* Helpers */ = {
			isa = PBXGroup;
			children = (
				66F7399C2B62998500FADC20 /* DateFormatter.swift */,
				66F7399E2B62B5CB00FADC20 /* GraphQLHelper.swift */,
			);
			path = Helpers;
			sourceTree = "<group>";
		};
		666F02382B5D4DDC00B57B18 /* Presentation */ = {
			isa = PBXGroup;
			children = (
				6637A9752B63FE0E00EE3A29 /* DetailView */,
				6637A9742B63FDFF00EE3A29 /* ListView */,
			);
			path = Presentation;
			sourceTree = "<group>";
		};
		666F02392B5D4DE900B57B18 /* Resources */ = {
			isa = PBXGroup;
			children = (
				666F022B2B5D4BEA00B57B18 /* Assets.xcassets */,
				664320292B66807C00061801 /* LaunchScreen.storyboard */,
				666F02302B5D4BEA00B57B18 /* Info.plist */,
				667AAEE12B616B6F005C2953 /* constants.swift */,
			);
			path = Resources;
			sourceTree = "<group>";
		};
		666F023A2B5D4DFB00B57B18 /* Models */ = {
			isa = PBXGroup;
			children = (
				668C349F2B5FC91D002757FE /* Requests.graphql */,
				667AAEE42B616FD1005C2953 /* schema.graphqls */,
				66F739972B628E6000FADC20 /* PersonModel.swift */,
			);
			path = Models;
			sourceTree = "<group>";
		};
		668C34932B5FBF66002757FE /* Services */ = {
			isa = PBXGroup;
			children = (
				668C34942B5FBF80002757FE /* GraphQlCoordinator.swift */,
				667AAEDF2B616AA6005C2953 /* GraphQlCoordinator + API.swift */,
			);
			path = Services;
			sourceTree = "<group>";
		};
/* End PBXGroup section */

/* Begin PBXNativeTarget section */
		666F021E2B5D4BE800B57B18 /* PomoschTest */ = {
			isa = PBXNativeTarget;
			buildConfigurationList = 666F02332B5D4BEA00B57B18 /* Build configuration list for PBXNativeTarget "PomoschTest" */;
			buildPhases = (
				666F021B2B5D4BE800B57B18 /* Sources */,
				666F021C2B5D4BE800B57B18 /* Frameworks */,
				666F021D2B5D4BE800B57B18 /* Resources */,
			);
			buildRules = (
			);
			dependencies = (
			);
			name = PomoschTest;
			packageProductDependencies = (
				668C34972B5FC082002757FE /* Apollo */,
				669424BE2B618DF90019FCA1 /* PomochAPI */,
				66F7399A2B62910700FADC20 /* PomochAPI */,
				66F739A12B62B88200FADC20 /* Kingfisher */,
			);
			productName = PomoschTest;
			productReference = 666F021F2B5D4BE800B57B18 /* PomoschTest.app */;
			productType = "com.apple.product-type.application";
		};
/* End PBXNativeTarget section */

/* Begin PBXProject section */
		666F02172B5D4BE800B57B18 /* Project object */ = {
			isa = PBXProject;
			attributes = {
				BuildIndependentTargetsInParallel = 1;
				LastSwiftUpdateCheck = 1520;
				LastUpgradeCheck = 1520;
				TargetAttributes = {
					666F021E2B5D4BE800B57B18 = {
						CreatedOnToolsVersion = 15.2;
					};
				};
			};
			buildConfigurationList = 666F021A2B5D4BE800B57B18 /* Build configuration list for PBXProject "PomoschTest" */;
			compatibilityVersion = "Xcode 14.0";
			developmentRegion = en;
			hasScannedForEncodings = 0;
			knownRegions = (
				en,
				Base,
			);
			mainGroup = 666F02162B5D4BE800B57B18;
			packageReferences = (
				668C34962B5FC082002757FE /* XCRemoteSwiftPackageReference "apollo-ios" */,
				66F739992B62910700FADC20 /* XCLocalSwiftPackageReference "pomochAPI" */,
				66F739A02B62B88200FADC20 /* XCRemoteSwiftPackageReference "Kingfisher" */,
			);
			productRefGroup = 666F02202B5D4BE800B57B18 /* Products */;
			projectDirPath = "";
			projectRoot = "";
			targets = (
				666F021E2B5D4BE800B57B18 /* PomoschTest */,
			);
		};
/* End PBXProject section */

/* Begin PBXResourcesBuildPhase section */
		666F021D2B5D4BE800B57B18 /* Resources */ = {
			isa = PBXResourcesBuildPhase;
			buildActionMask = 2147483647;
			files = (
				6643202A2B66807C00061801 /* LaunchScreen.storyboard in Resources */,
				667AAEE32B616DB2005C2953 /* Requests.graphql in Resources */,
				666F022C2B5D4BEA00B57B18 /* Assets.xcassets in Resources */,
			);
			runOnlyForDeploymentPostprocessing = 0;
		};
/* End PBXResourcesBuildPhase section */

/* Begin PBXSourcesBuildPhase section */
		666F021B2B5D4BE800B57B18 /* Sources */ = {
			isa = PBXSourcesBuildPhase;
			buildActionMask = 2147483647;
			files = (
				666F02272B5D4BE800B57B18 /* ListViewController.swift in Sources */,
				668C34952B5FBF80002757FE /* GraphQlCoordinator.swift in Sources */,
				666F023C2B5D508C00B57B18 /* ListTableView.swift in Sources */,
				6637A9772B64165600EE3A29 /* DetailViewController.swift in Sources */,
				667AAEE02B616AA6005C2953 /* GraphQlCoordinator + API.swift in Sources */,
				66F7399D2B62998500FADC20 /* DateFormatter.swift in Sources */,
				66F7399F2B62B5CB00FADC20 /* GraphQLHelper.swift in Sources */,
				666F02232B5D4BE800B57B18 /* AppDelegate.swift in Sources */,
				666F023E2B5D52E700B57B18 /* ListCell.swift in Sources */,
				66F739982B628E6000FADC20 /* PersonModel.swift in Sources */,
				666F02252B5D4BE800B57B18 /* SceneDelegate.swift in Sources */,
				667AAEE22B616B6F005C2953 /* constants.swift in Sources */,
			);
			runOnlyForDeploymentPostprocessing = 0;
		};
/* End PBXSourcesBuildPhase section */

/* Begin XCBuildConfiguration section */
		666F02312B5D4BEA00B57B18 /* Debug */ = {
			isa = XCBuildConfiguration;
			buildSettings = {
				ALWAYS_SEARCH_USER_PATHS = NO;
				ASSETCATALOG_COMPILER_GENERATE_SWIFT_ASSET_SYMBOL_EXTENSIONS = YES;
				CLANG_ANALYZER_NONNULL = YES;
				CLANG_ANALYZER_NUMBER_OBJECT_CONVERSION = YES_AGGRESSIVE;
				CLANG_CXX_LANGUAGE_STANDARD = "gnu++20";
				CLANG_ENABLE_MODULES = YES;
				CLANG_ENABLE_OBJC_ARC = YES;
				CLANG_ENABLE_OBJC_WEAK = YES;
				CLANG_WARN_BLOCK_CAPTURE_AUTORELEASING = YES;
				CLANG_WARN_BOOL_CONVERSION = YES;
				CLANG_WARN_COMMA = YES;
				CLANG_WARN_CONSTANT_CONVERSION = YES;
				CLANG_WARN_DEPRECATED_OBJC_IMPLEMENTATIONS = YES;
				CLANG_WARN_DIRECT_OBJC_ISA_USAGE = YES_ERROR;
				CLANG_WARN_DOCUMENTATION_COMMENTS = YES;
				CLANG_WARN_EMPTY_BODY = YES;
				CLANG_WARN_ENUM_CONVERSION = YES;
				CLANG_WARN_INFINITE_RECURSION = YES;
				CLANG_WARN_INT_CONVERSION = YES;
				CLANG_WARN_NON_LITERAL_NULL_CONVERSION = YES;
				CLANG_WARN_OBJC_IMPLICIT_RETAIN_SELF = YES;
				CLANG_WARN_OBJC_LITERAL_CONVERSION = YES;
				CLANG_WARN_OBJC_ROOT_CLASS = YES_ERROR;
				CLANG_WARN_QUOTED_INCLUDE_IN_FRAMEWORK_HEADER = YES;
				CLANG_WARN_RANGE_LOOP_ANALYSIS = YES;
				CLANG_WARN_STRICT_PROTOTYPES = YES;
				CLANG_WARN_SUSPICIOUS_MOVE = YES;
				CLANG_WARN_UNGUARDED_AVAILABILITY = YES_AGGRESSIVE;
				CLANG_WARN_UNREACHABLE_CODE = YES;
				CLANG_WARN__DUPLICATE_METHOD_MATCH = YES;
				COPY_PHASE_STRIP = NO;
				DEBUG_INFORMATION_FORMAT = dwarf;
				ENABLE_STRICT_OBJC_MSGSEND = YES;
				ENABLE_TESTABILITY = YES;
				ENABLE_USER_SCRIPT_SANDBOXING = YES;
				GCC_C_LANGUAGE_STANDARD = gnu17;
				GCC_DYNAMIC_NO_PIC = NO;
				GCC_NO_COMMON_BLOCKS = YES;
				GCC_OPTIMIZATION_LEVEL = 0;
				GCC_PREPROCESSOR_DEFINITIONS = (
					"DEBUG=1",
					"$(inherited)",
				);
				GCC_WARN_64_TO_32_BIT_CONVERSION = YES;
				GCC_WARN_ABOUT_RETURN_TYPE = YES_ERROR;
				GCC_WARN_UNDECLARED_SELECTOR = YES;
				GCC_WARN_UNINITIALIZED_AUTOS = YES_AGGRESSIVE;
				GCC_WARN_UNUSED_FUNCTION = YES;
				GCC_WARN_UNUSED_VARIABLE = YES;
				IPHONEOS_DEPLOYMENT_TARGET = 17.2;
				LOCALIZATION_PREFERS_STRING_CATALOGS = YES;
				MTL_ENABLE_DEBUG_INFO = INCLUDE_SOURCE;
				MTL_FAST_MATH = YES;
				ONLY_ACTIVE_ARCH = YES;
				SDKROOT = iphoneos;
				SWIFT_ACTIVE_COMPILATION_CONDITIONS = "DEBUG $(inherited)";
				SWIFT_OPTIMIZATION_LEVEL = "-Onone";
			};
			name = Debug;
		};
		666F02322B5D4BEA00B57B18 /* Release */ = {
			isa = XCBuildConfiguration;
			buildSettings = {
				ALWAYS_SEARCH_USER_PATHS = NO;
				ASSETCATALOG_COMPILER_GENERATE_SWIFT_ASSET_SYMBOL_EXTENSIONS = YES;
				CLANG_ANALYZER_NONNULL = YES;
				CLANG_ANALYZER_NUMBER_OBJECT_CONVERSION = YES_AGGRESSIVE;
				CLANG_CXX_LANGUAGE_STANDARD = "gnu++20";
				CLANG_ENABLE_MODULES = YES;
				CLANG_ENABLE_OBJC_ARC = YES;
				CLANG_ENABLE_OBJC_WEAK = YES;
				CLANG_WARN_BLOCK_CAPTURE_AUTORELEASING = YES;
				CLANG_WARN_BOOL_CONVERSION = YES;
				CLANG_WARN_COMMA = YES;
				CLANG_WARN_CONSTANT_CONVERSION = YES;
				CLANG_WARN_DEPRECATED_OBJC_IMPLEMENTATIONS = YES;
				CLANG_WARN_DIRECT_OBJC_ISA_USAGE = YES_ERROR;
				CLANG_WARN_DOCUMENTATION_COMMENTS = YES;
				CLANG_WARN_EMPTY_BODY = YES;
				CLANG_WARN_ENUM_CONVERSION = YES;
				CLANG_WARN_INFINITE_RECURSION = YES;
				CLANG_WARN_INT_CONVERSION = YES;
				CLANG_WARN_NON_LITERAL_NULL_CONVERSION = YES;
				CLANG_WARN_OBJC_IMPLICIT_RETAIN_SELF = YES;
				CLANG_WARN_OBJC_LITERAL_CONVERSION = YES;
				CLANG_WARN_OBJC_ROOT_CLASS = YES_ERROR;
				CLANG_WARN_QUOTED_INCLUDE_IN_FRAMEWORK_HEADER = YES;
				CLANG_WARN_RANGE_LOOP_ANALYSIS = YES;
				CLANG_WARN_STRICT_PROTOTYPES = YES;
				CLANG_WARN_SUSPICIOUS_MOVE = YES;
				CLANG_WARN_UNGUARDED_AVAILABILITY = YES_AGGRESSIVE;
				CLANG_WARN_UNREACHABLE_CODE = YES;
				CLANG_WARN__DUPLICATE_METHOD_MATCH = YES;
				COPY_PHASE_STRIP = NO;
				DEBUG_INFORMATION_FORMAT = "dwarf-with-dsym";
				ENABLE_NS_ASSERTIONS = NO;
				ENABLE_STRICT_OBJC_MSGSEND = YES;
				ENABLE_USER_SCRIPT_SANDBOXING = YES;
				GCC_C_LANGUAGE_STANDARD = gnu17;
				GCC_NO_COMMON_BLOCKS = YES;
				GCC_WARN_64_TO_32_BIT_CONVERSION = YES;
				GCC_WARN_ABOUT_RETURN_TYPE = YES_ERROR;
				GCC_WARN_UNDECLARED_SELECTOR = YES;
				GCC_WARN_UNINITIALIZED_AUTOS = YES_AGGRESSIVE;
				GCC_WARN_UNUSED_FUNCTION = YES;
				GCC_WARN_UNUSED_VARIABLE = YES;
				IPHONEOS_DEPLOYMENT_TARGET = 17.2;
				LOCALIZATION_PREFERS_STRING_CATALOGS = YES;
				MTL_ENABLE_DEBUG_INFO = NO;
				MTL_FAST_MATH = YES;
				SDKROOT = iphoneos;
				SWIFT_COMPILATION_MODE = wholemodule;
				VALIDATE_PRODUCT = YES;
			};
			name = Release;
		};
		666F02342B5D4BEA00B57B18 /* Debug */ = {
			isa = XCBuildConfiguration;
			buildSettings = {
				ASSETCATALOG_COMPILER_APPICON_NAME = AppIcon;
				ASSETCATALOG_COMPILER_GLOBAL_ACCENT_COLOR_NAME = AccentColor;
				CODE_SIGN_STYLE = Automatic;
				CURRENT_PROJECT_VERSION = 1;
				DEVELOPMENT_TEAM = C3BZB3Q66B;
				GENERATE_INFOPLIST_FILE = YES;
				INFOPLIST_FILE = PomoschTest/Resources/Info.plist;
				INFOPLIST_KEY_UIApplicationSupportsIndirectInputEvents = YES;
				INFOPLIST_KEY_UILaunchStoryboardName = LaunchScreen;
				INFOPLIST_KEY_UISupportedInterfaceOrientations_iPad = "UIInterfaceOrientationPortrait UIInterfaceOrientationPortraitUpsideDown UIInterfaceOrientationLandscapeLeft UIInterfaceOrientationLandscapeRight";
				INFOPLIST_KEY_UISupportedInterfaceOrientations_iPhone = "UIInterfaceOrientationPortrait UIInterfaceOrientationLandscapeLeft UIInterfaceOrientationLandscapeRight";
				LD_RUNPATH_SEARCH_PATHS = (
					"$(inherited)",
					"@executable_path/Frameworks",
				);
				MARKETING_VERSION = 1.0;
				PRODUCT_BUNDLE_IDENTIFIER = "ru.Georgy-hook.PomoschTest";
				PRODUCT_NAME = "$(TARGET_NAME)";
				SWIFT_EMIT_LOC_STRINGS = YES;
				SWIFT_VERSION = 5.0;
				TARGETED_DEVICE_FAMILY = "1,2";
			};
			name = Debug;
		};
		666F02352B5D4BEA00B57B18 /* Release */ = {
			isa = XCBuildConfiguration;
			buildSettings = {
				ASSETCATALOG_COMPILER_APPICON_NAME = AppIcon;
				ASSETCATALOG_COMPILER_GLOBAL_ACCENT_COLOR_NAME = AccentColor;
				CODE_SIGN_STYLE = Automatic;
				CURRENT_PROJECT_VERSION = 1;
				DEVELOPMENT_TEAM = C3BZB3Q66B;
				GENERATE_INFOPLIST_FILE = YES;
				INFOPLIST_FILE = PomoschTest/Resources/Info.plist;
				INFOPLIST_KEY_UIApplicationSupportsIndirectInputEvents = YES;
				INFOPLIST_KEY_UILaunchStoryboardName = LaunchScreen;
				INFOPLIST_KEY_UISupportedInterfaceOrientations_iPad = "UIInterfaceOrientationPortrait UIInterfaceOrientationPortraitUpsideDown UIInterfaceOrientationLandscapeLeft UIInterfaceOrientationLandscapeRight";
				INFOPLIST_KEY_UISupportedInterfaceOrientations_iPhone = "UIInterfaceOrientationPortrait UIInterfaceOrientationLandscapeLeft UIInterfaceOrientationLandscapeRight";
				LD_RUNPATH_SEARCH_PATHS = (
					"$(inherited)",
					"@executable_path/Frameworks",
				);
				MARKETING_VERSION = 1.0;
				PRODUCT_BUNDLE_IDENTIFIER = "ru.Georgy-hook.PomoschTest";
				PRODUCT_NAME = "$(TARGET_NAME)";
				SWIFT_EMIT_LOC_STRINGS = YES;
				SWIFT_VERSION = 5.0;
				TARGETED_DEVICE_FAMILY = "1,2";
			};
			name = Release;
		};
/* End XCBuildConfiguration section */

/* Begin XCConfigurationList section */
		666F021A2B5D4BE800B57B18 /* Build configuration list for PBXProject "PomoschTest" */ = {
			isa = XCConfigurationList;
			buildConfigurations = (
				666F02312B5D4BEA00B57B18 /* Debug */,
				666F02322B5D4BEA00B57B18 /* Release */,
			);
			defaultConfigurationIsVisible = 0;
			defaultConfigurationName = Release;
		};
		666F02332B5D4BEA00B57B18 /* Build configuration list for PBXNativeTarget "PomoschTest" */ = {
			isa = XCConfigurationList;
			buildConfigurations = (
				666F02342B5D4BEA00B57B18 /* Debug */,
				666F02352B5D4BEA00B57B18 /* Release */,
			);
			defaultConfigurationIsVisible = 0;
			defaultConfigurationName = Release;
		};
/* End XCConfigurationList section */

/* Begin XCLocalSwiftPackageReference section */
		66F739992B62910700FADC20 /* XCLocalSwiftPackageReference "pomochAPI" */ = {
			isa = XCLocalSwiftPackageReference;
			relativePath = pomochAPI;
		};
/* End XCLocalSwiftPackageReference section */

/* Begin XCRemoteSwiftPackageReference section */
		668C34962B5FC082002757FE /* XCRemoteSwiftPackageReference "apollo-ios" */ = {
			isa = XCRemoteSwiftPackageReference;
			repositoryURL = "https://github.com/apollographql/apollo-ios";
			requirement = {
				kind = upToNextMajorVersion;
				minimumVersion = 1.8.0;
			};
		};
		66F739A02B62B88200FADC20 /* XCRemoteSwiftPackageReference "Kingfisher" */ = {
			isa = XCRemoteSwiftPackageReference;
			repositoryURL = "https://github.com/onevcat/Kingfisher";
			requirement = {
				kind = upToNextMajorVersion;
				minimumVersion = 7.10.2;
			};
		};
/* End XCRemoteSwiftPackageReference section */

/* Begin XCSwiftPackageProductDependency section */
		668C34972B5FC082002757FE /* Apollo */ = {
			isa = XCSwiftPackageProductDependency;
			package = 668C34962B5FC082002757FE /* XCRemoteSwiftPackageReference "apollo-ios" */;
			productName = Apollo;
		};
		669424BE2B618DF90019FCA1 /* PomochAPI */ = {
			isa = XCSwiftPackageProductDependency;
			productName = PomochAPI;
		};
		66F7399A2B62910700FADC20 /* PomochAPI */ = {
			isa = XCSwiftPackageProductDependency;
			productName = PomochAPI;
		};
		66F739A12B62B88200FADC20 /* Kingfisher */ = {
			isa = XCSwiftPackageProductDependency;
			package = 66F739A02B62B88200FADC20 /* XCRemoteSwiftPackageReference "Kingfisher" */;
			productName = Kingfisher;
		};
/* End XCSwiftPackageProductDependency section */
	};
	rootObject = 666F02172B5D4BE800B57B18 /* Project object */;
}
